PODS:
  - Eureka (3.0.0)
  - Firebase/Core (4.2.0):
    - FirebaseAnalytics (= 4.0.3)
    - FirebaseCore (= 4.0.7)
  - Firebase/Database (4.2.0):
    - Firebase/Core
    - FirebaseDatabase (= 4.0.3)
  - Firebase/Messaging (4.2.0):
    - Firebase/Core
    - FirebaseMessaging (= 2.0.3)
  - FirebaseAnalytics (4.0.3):
    - FirebaseCore (~> 4.0)
    - FirebaseInstanceID (~> 2.0)
    - GoogleToolboxForMac/NSData+zlib (~> 2.1)
    - nanopb (~> 0.3)
  - FirebaseCore (4.0.7):
    - GoogleToolboxForMac/NSData+zlib (~> 2.1)
    - nanopb (~> 0.3)
  - FirebaseDatabase (4.0.3):
    - FirebaseAnalytics (~> 4.0)
    - FirebaseCore (~> 4.0)
    - leveldb-library (~> 1.18)
  - FirebaseInstanceID (2.0.3)
  - FirebaseMessaging (2.0.3):
    - FirebaseAnalytics (~> 4.0)
    - FirebaseCore (~> 4.0)
    - FirebaseInstanceID (~> 2.0)
    - GoogleToolboxForMac/Logger (~> 2.1)
    - Protobuf (~> 3.1)
  - GoogleMaps (2.4.0):
    - GoogleMaps/Maps (= 2.4.0)
  - GoogleMaps/Base (2.4.0)
  - GoogleMaps/Maps (2.4.0):
    - GoogleMaps/Base
  - GooglePlacePicker (2.4.0):
    - GoogleMaps (= 2.4.0)
    - GooglePlaces (= 2.4.0)
  - GooglePlaces (2.4.0):
    - GoogleMaps/Base (= 2.4.0)
  - GoogleToolboxForMac/Defines (2.1.1)
  - GoogleToolboxForMac/Logger (2.1.1):
    - GoogleToolboxForMac/Defines (= 2.1.1)
  - GoogleToolboxForMac/NSData+zlib (2.1.1):
    - GoogleToolboxForMac/Defines (= 2.1.1)
  - leveldb-library (1.18.3)
  - nanopb (0.3.8):
    - nanopb/decode (= 0.3.8)
    - nanopb/encode (= 0.3.8)
  - nanopb/decode (0.3.8)
  - nanopb/encode (0.3.8)
  - OnboardingKit (0.0.5)
  - Protobuf (3.4.0)
  - SwiftLocation (2.0.7)
  - SwiftOverlays (3.0.0)
  - YALSideMenu (2.0.1)

DEPENDENCIES:
  - Eureka (from `https://github.com/xmartlabs/Eureka.git`, branch `feature/Xcode9-Swift3_2`)
  - Firebase/Core
  - Firebase/Database
  - Firebase/Messaging
  - GoogleMaps
  - GooglePlacePicker
  - GooglePlaces
  - OnboardingKit
  - SwiftLocation
  - SwiftOverlays
  - YALSideMenu (~> 2.0)

EXTERNAL SOURCES:
  Eureka:
    :branch: feature/Xcode9-Swift3_2
    :git: https://github.com/xmartlabs/Eureka.git

CHECKOUT OPTIONS:
  Eureka:
    :commit: 05acfb04c24a480f1868e671d19b39e0f22fc265
    :git: https://github.com/xmartlabs/Eureka.git

SPEC CHECKSUMS:
  Eureka: 5b9418d7bfdc21ca977d69d124a6409f3e9af2c7
  Firebase: 9548cae14d69718add12d75a5b312893f7ef89c7
  FirebaseAnalytics: 76f754d37ca5b04f36856729b6af3ca0152d1069
  FirebaseCore: 9a6cc1e3eaf75905390f9220596ad4fd8f92faee
  FirebaseDatabase: 03940adcac54ce30db06f1fc2136f8581734ce2c
  FirebaseInstanceID: a4fc702b5a026f7322964376047f1a3f1f7cc6ff
  FirebaseMessaging: eaf1bfff0193170c04ea3ba3bfe983f68f893118
  GoogleMaps: 8436ab5d1c25e36915b2f7416d0c8e3fa2e76c61
  GooglePlacePicker: 755f10343d71280c7b016823e73fbae9625dfa8a
  GooglePlaces: aafe5990fa7951e98e078761bbdaaf236d7e0c65
  GoogleToolboxForMac: 8e329f1b599f2512c6b10676d45736bcc2cbbeb0
  leveldb-library: 10fb39c39e243db4af1828441162405bbcec1404
  nanopb: 5601e6bca2dbf1ed831b519092ec110f66982ca3
  OnboardingKit: 44b085c9e1e191a61fe1caea2bb581645fac1dc1
  Protobuf: 03eef2ee0b674770735cf79d9c4d3659cf6908e8
  SwiftLocation: 1fe2e15a5812e961496e82eeaca71d03e829e47a
  SwiftOverlays: 4cdd9e4f5c7817fb6348882059eb697e11685fad
  YALSideMenu: 4d6b90ea44dcdded18a99e46b676e4ad51d9c6bb

PODFILE CHECKSUM: bf043f3dc11f56b47fdb2ff05404716948975a84

COCOAPODS: 1.3.1
